
Microsoft Visual Studio Solution File, Format Version 12.00
# Visual Studio Version 17
VisualStudioVersion = 17.12.35707.178 d17.12
MinimumVisualStudioVersion = 10.0.40219.1
Project("{FAE04EC0-301F-11D3-BF4B-00C04F79EFBC}") = "DetectCapitalUse", "DetectCapitalUse\DetectCapitalUse.csproj", "{B88959D7-523E-4688-BCF7-A1E8B7966952}"
EndProject
Project("{FAE04EC0-301F-11D3-BF4B-00C04F79EFBC}") = "DetectCapitalUse.Test", "DetectCapitalUse.Test\DetectCapitalUse.Test.csproj", "{416AA742-81E6-47A0-A32C-AA572B49BB0E}"
EndProject
Global
	GlobalSection(SolutionConfigurationPlatforms) = preSolution
		Debug|Any CPU = Debug|Any CPU
		Release|Any CPU = Release|Any CPU
	EndGlobalSection
	GlobalSection(ProjectConfigurationPlatforms) = postSolution
		{B88959D7-523E-4688-BCF7-A1E8B7966952}.Debug|Any CPU.ActiveCfg = Debug|Any CPU
		{B88959D7-523E-4688-BCF7-A1E8B7966952}.Debug|Any CPU.Build.0 = Debug|Any CPU
		{B88959D7-523E-4688-BCF7-A1E8B7966952}.Release|Any CPU.ActiveCfg = Release|Any CPU
		{B88959D7-523E-4688-BCF7-A1E8B7966952}.Release|Any CPU.Build.0 = Release|Any CPU
		{416AA742-81E6-47A0-A32C-AA572B49BB0E}.Debug|Any CPU.ActiveCfg = Debug|Any CPU
		{416AA742-81E6-47A0-A32C-AA572B49BB0E}.Debug|Any CPU.Build.0 = Debug|Any CPU
		{416AA742-81E6-47A0-A32C-AA572B49BB0E}.Release|Any CPU.ActiveCfg = Release|Any CPU
		{416AA742-81E6-47A0-A32C-AA572B49BB0E}.Release|Any CPU.Build.0 = Release|Any CPU
	EndGlobalSection
	GlobalSection(SolutionProperties) = preSolution
		HideSolutionNode = FALSE
	EndGlobalSection
EndGlobal
